
Microsoft Visual Studio Solution File, Format Version 12.00
# Visual Studio 15
VisualStudioVersion = 15.0.28307.852
MinimumVisualStudioVersion = 10.0.40219.1
Project("{9A19103F-16F7-4668-BE54-9A1E7A4F7556}") = "ERPBackend", "src\ERPBackend\ERPBackend.csproj", "{C4CA06B9-1A95-4B13-98D5-40A4B4E3F200}"
EndProject
Project("{9A19103F-16F7-4668-BE54-9A1E7A4F7556}") = "ERPBackend.Tests", "Tests\ERPBackend.Tests\ERPBackend.Tests.csproj", "{B39B5794-F20F-46EF-93AA-E2DEA75A19FA}"
EndProject
Project("{FAE04EC0-301F-11D3-BF4B-00C04F79EFBC}") = "ERPBackend.Contracts", "ERPBackend.Contracts\ERPBackend.Contracts.csproj", "{40654F56-93DB-436E-969E-128FF8ADA764}"
EndProject
Global
	GlobalSection(SolutionConfigurationPlatforms) = preSolution
		Debug|Any CPU = Debug|Any CPU
		Release|Any CPU = Release|Any CPU
	EndGlobalSection
	GlobalSection(ProjectConfigurationPlatforms) = postSolution
		{C4CA06B9-1A95-4B13-98D5-40A4B4E3F200}.Debug|Any CPU.ActiveCfg = Debug|Any CPU
		{C4CA06B9-1A95-4B13-98D5-40A4B4E3F200}.Debug|Any CPU.Build.0 = Debug|Any CPU
		{C4CA06B9-1A95-4B13-98D5-40A4B4E3F200}.Release|Any CPU.ActiveCfg = Release|Any CPU
		{C4CA06B9-1A95-4B13-98D5-40A4B4E3F200}.Release|Any CPU.Build.0 = Release|Any CPU
		{B39B5794-F20F-46EF-93AA-E2DEA75A19FA}.Debug|Any CPU.ActiveCfg = Debug|Any CPU
		{B39B5794-F20F-46EF-93AA-E2DEA75A19FA}.Debug|Any CPU.Build.0 = Debug|Any CPU
		{B39B5794-F20F-46EF-93AA-E2DEA75A19FA}.Release|Any CPU.ActiveCfg = Release|Any CPU
		{B39B5794-F20F-46EF-93AA-E2DEA75A19FA}.Release|Any CPU.Build.0 = Release|Any CPU
		{40654F56-93DB-436E-969E-128FF8ADA764}.Debug|Any CPU.ActiveCfg = Debug|Any CPU
		{40654F56-93DB-436E-969E-128FF8ADA764}.Debug|Any CPU.Build.0 = Debug|Any CPU
		{40654F56-93DB-436E-969E-128FF8ADA764}.Release|Any CPU.ActiveCfg = Release|Any CPU
		{40654F56-93DB-436E-969E-128FF8ADA764}.Release|Any CPU.Build.0 = Release|Any CPU
	EndGlobalSection
	GlobalSection(SolutionProperties) = preSolution
		HideSolutionNode = FALSE
	EndGlobalSection
	GlobalSection(ExtensibilityGlobals) = postSolution
		SolutionGuid = {DCD5E57B-51D0-408D-9691-1BC7A1193EA9}
	EndGlobalSection
EndGlobal
