
Microsoft Visual Studio Solution File, Format Version 12.00
# Visual Studio 15
VisualStudioVersion = 15.0.28307.852
MinimumVisualStudioVersion = 10.0.40219.1
Project("{FAE04EC0-301F-11D3-BF4B-00C04F79EFBC}") = "ERPBackend", "ERPBackend\ERPBackend.csproj", "{C4CA06B9-1A95-4B13-98D5-40A4B4E3F200}"
EndProject
Project("{FAE04EC0-301F-11D3-BF4B-00C04F79EFBC}") = "ERPTest", "ERPTest\ERPTest.csproj", "{ABBC7B0E-0BDE-401C-84F2-F0C2AD1A3121}"
EndProject
Global
	GlobalSection(SolutionConfigurationPlatforms) = preSolution
		Debug|Any CPU = Debug|Any CPU
		Release|Any CPU = Release|Any CPU
	EndGlobalSection
	GlobalSection(ProjectConfigurationPlatforms) = postSolution
		{C4CA06B9-1A95-4B13-98D5-40A4B4E3F200}.Debug|Any CPU.ActiveCfg = Debug|Any CPU
		{C4CA06B9-1A95-4B13-98D5-40A4B4E3F200}.Debug|Any CPU.Build.0 = Debug|Any CPU
		{C4CA06B9-1A95-4B13-98D5-40A4B4E3F200}.Release|Any CPU.ActiveCfg = Release|Any CPU
		{C4CA06B9-1A95-4B13-98D5-40A4B4E3F200}.Release|Any CPU.Build.0 = Release|Any CPU
		{ABBC7B0E-0BDE-401C-84F2-F0C2AD1A3121}.Debug|Any CPU.ActiveCfg = Debug|Any CPU
		{ABBC7B0E-0BDE-401C-84F2-F0C2AD1A3121}.Debug|Any CPU.Build.0 = Debug|Any CPU
		{ABBC7B0E-0BDE-401C-84F2-F0C2AD1A3121}.Release|Any CPU.ActiveCfg = Release|Any CPU
		{ABBC7B0E-0BDE-401C-84F2-F0C2AD1A3121}.Release|Any CPU.Build.0 = Release|Any CPU
	EndGlobalSection
	GlobalSection(SolutionProperties) = preSolution
		HideSolutionNode = FALSE
	EndGlobalSection
	GlobalSection(ExtensibilityGlobals) = postSolution
		SolutionGuid = {DCD5E57B-51D0-408D-9691-1BC7A1193EA9}
	EndGlobalSection
EndGlobal
